
Microsoft Visual Studio Solution File, Format Version 12.00
# Visual Studio Version 16
VisualStudioVersion = 16.0.31229.75
MinimumVisualStudioVersion = 10.0.40219.1
Project("{FAE04EC0-301F-11D3-BF4B-00C04F79EFBC}") = "Quizzer", "Quizzer\Quizzer.csproj", "{2E3A4BF5-16C2-4692-BFD5-EAAFF222CF9B}"
EndProject
Global
	GlobalSection(SolutionConfigurationPlatforms) = preSolution
		Debug|Any CPU = Debug|Any CPU
		Release|Any CPU = Release|Any CPU
	EndGlobalSection
	GlobalSection(ProjectConfigurationPlatforms) = postSolution
		{2E3A4BF5-16C2-4692-BFD5-EAAFF222CF9B}.Debug|Any CPU.ActiveCfg = Debug|Any CPU
		{2E3A4BF5-16C2-4692-BFD5-EAAFF222CF9B}.Debug|Any CPU.Build.0 = Debug|Any CPU
		{2E3A4BF5-16C2-4692-BFD5-EAAFF222CF9B}.Release|Any CPU.ActiveCfg = Release|Any CPU
		{2E3A4BF5-16C2-4692-BFD5-EAAFF222CF9B}.Release|Any CPU.Build.0 = Release|Any CPU
	EndGlobalSection
	GlobalSection(SolutionProperties) = preSolution
		HideSolutionNode = FALSE
	EndGlobalSection
	GlobalSection(ExtensibilityGlobals) = postSolution
		SolutionGuid = {AECF2673-AA7D-4A7D-8E1F-D878FD4FD6C1}
	EndGlobalSection
EndGlobal
